// !$*UTF8*$!
{
	archiveVersion = 1;
	classes = {
	};
	objectVersion = 55;
	objects = {

/* Begin PBXBuildFile section */
		DA1098D1283A5DD90043AF85 /* PostalCodeCell.swift in Sources */ = {isa = PBXBuildFile; fileRef = DA1098D0283A5DD90043AF85 /* PostalCodeCell.swift */; };
		DAF6C213283992E20061CE4E /* AppDelegate.swift in Sources */ = {isa = PBXBuildFile; fileRef = DAF6C212283992E20061CE4E /* AppDelegate.swift */; };
		DAF6C215283992E20061CE4E /* SceneDelegate.swift in Sources */ = {isa = PBXBuildFile; fileRef = DAF6C214283992E20061CE4E /* SceneDelegate.swift */; };
		DAF6C21C283992E50061CE4E /* Assets.xcassets in Resources */ = {isa = PBXBuildFile; fileRef = DAF6C21B283992E50061CE4E /* Assets.xcassets */; };
		DAF6C21F283992E50061CE4E /* LaunchScreen.storyboard in Resources */ = {isa = PBXBuildFile; fileRef = DAF6C21D283992E50061CE4E /* LaunchScreen.storyboard */; };
		DAF6C228283993B80061CE4E /* PostalCodeViewController.swift in Sources */ = {isa = PBXBuildFile; fileRef = DAF6C227283993B80061CE4E /* PostalCodeViewController.swift */; };
		DAF6C22A283993F90061CE4E /* PostalCodeViewModel.swift in Sources */ = {isa = PBXBuildFile; fileRef = DAF6C229283993F90061CE4E /* PostalCodeViewModel.swift */; };
		DAF6C22C2839940C0061CE4E /* PostalCodeService.swift in Sources */ = {isa = PBXBuildFile; fileRef = DAF6C22B2839940C0061CE4E /* PostalCodeService.swift */; };
		DAF6C22E2839941B0061CE4E /* PostalCodeModel.swift in Sources */ = {isa = PBXBuildFile; fileRef = DAF6C22D2839941B0061CE4E /* PostalCodeModel.swift */; };
/* End PBXBuildFile section */

/* Begin PBXFileReference section */
		DA1098D0283A5DD90043AF85 /* PostalCodeCell.swift */ = {isa = PBXFileReference; lastKnownFileType = sourcecode.swift; path = PostalCodeCell.swift; sourceTree = "<group>"; };
		DAF6C20F283992E20061CE4E /* Delloite.app */ = {isa = PBXFileReference; explicitFileType = wrapper.application; includeInIndex = 0; path = Delloite.app; sourceTree = BUILT_PRODUCTS_DIR; };
		DAF6C212283992E20061CE4E /* AppDelegate.swift */ = {isa = PBXFileReference; lastKnownFileType = sourcecode.swift; path = AppDelegate.swift; sourceTree = "<group>"; };
		DAF6C214283992E20061CE4E /* SceneDelegate.swift */ = {isa = PBXFileReference; lastKnownFileType = sourcecode.swift; path = SceneDelegate.swift; sourceTree = "<group>"; };
		DAF6C21B283992E50061CE4E /* Assets.xcassets */ = {isa = PBXFileReference; lastKnownFileType = folder.assetcatalog; path = Assets.xcassets; sourceTree = "<group>"; };
		DAF6C21E283992E50061CE4E /* Base */ = {isa = PBXFileReference; lastKnownFileType = file.storyboard; name = Base; path = Base.lproj/LaunchScreen.storyboard; sourceTree = "<group>"; };
		DAF6C220283992E50061CE4E /* Info.plist */ = {isa = PBXFileReference; lastKnownFileType = text.plist.xml; path = Info.plist; sourceTree = "<group>"; };
		DAF6C227283993B80061CE4E /* PostalCodeViewController.swift */ = {isa = PBXFileReference; lastKnownFileType = sourcecode.swift; path = PostalCodeViewController.swift; sourceTree = "<group>"; };
		DAF6C229283993F90061CE4E /* PostalCodeViewModel.swift */ = {isa = PBXFileReference; lastKnownFileType = sourcecode.swift; path = PostalCodeViewModel.swift; sourceTree = "<group>"; };
		DAF6C22B2839940C0061CE4E /* PostalCodeService.swift */ = {isa = PBXFileReference; lastKnownFileType = sourcecode.swift; path = PostalCodeService.swift; sourceTree = "<group>"; };
		DAF6C22D2839941B0061CE4E /* PostalCodeModel.swift */ = {isa = PBXFileReference; lastKnownFileType = sourcecode.swift; path = PostalCodeModel.swift; sourceTree = "<group>"; };
/* End PBXFileReference section */

/* Begin PBXFrameworksBuildPhase section */
		DAF6C20C283992E20061CE4E /* Frameworks */ = {
			isa = PBXFrameworksBuildPhase;
			buildActionMask = 2147483647;
			files = (
			);
			runOnlyForDeploymentPostprocessing = 0;
		};
/* End PBXFrameworksBuildPhase section */

/* Begin PBXGroup section */
		DA1098CC283A5C880043AF85 /* Model */ = {
			isa = PBXGroup;
			children = (
				DAF6C22D2839941B0061CE4E /* PostalCodeModel.swift */,
			);
			path = Model;
			sourceTree = "<group>";
		};
		DA1098CD283A5C900043AF85 /* ViewModel */ = {
			isa = PBXGroup;
			children = (
				DAF6C229283993F90061CE4E /* PostalCodeViewModel.swift */,
			);
			path = ViewModel;
			sourceTree = "<group>";
		};
		DA1098CE283A5C9C0043AF85 /* Service */ = {
			isa = PBXGroup;
			children = (
				DAF6C22B2839940C0061CE4E /* PostalCodeService.swift */,
			);
			path = Service;
			sourceTree = "<group>";
		};
		DA1098CF283A5CA90043AF85 /* ViewController */ = {
			isa = PBXGroup;
			children = (
				DAF6C227283993B80061CE4E /* PostalCodeViewController.swift */,
				DA1098D0283A5DD90043AF85 /* PostalCodeCell.swift */,
			);
			path = ViewController;
			sourceTree = "<group>";
		};
		DAF6C206283992E20061CE4E = {
			isa = PBXGroup;
			children = (
				DAF6C211283992E20061CE4E /* Delloite */,
				DAF6C210283992E20061CE4E /* Products */,
			);
			sourceTree = "<group>";
		};
		DAF6C210283992E20061CE4E /* Products */ = {
			isa = PBXGroup;
			children = (
				DAF6C20F283992E20061CE4E /* Delloite.app */,
			);
			name = Products;
			sourceTree = "<group>";
		};
		DAF6C211283992E20061CE4E /* Delloite */ = {
			isa = PBXGroup;
			children = (
				DAF6C220283992E50061CE4E /* Info.plist */,
				DAF6C212283992E20061CE4E /* AppDelegate.swift */,
				DAF6C214283992E20061CE4E /* SceneDelegate.swift */,
				DAF6C21B283992E50061CE4E /* Assets.xcassets */,
				DAF6C21D283992E50061CE4E /* LaunchScreen.storyboard */,
				DAF6C2262839939E0061CE4E /* Scene */,
			);
			path = Delloite;
			sourceTree = "<group>";
		};
		DAF6C2262839939E0061CE4E /* Scene */ = {
			isa = PBXGroup;
			children = (
				DA1098CC283A5C880043AF85 /* Model */,
				DA1098CE283A5C9C0043AF85 /* Service */,
				DA1098CF283A5CA90043AF85 /* ViewController */,
				DA1098CD283A5C900043AF85 /* ViewModel */,
			);
			path = Scene;
			sourceTree = "<group>";
		};
/* End PBXGroup section */

/* Begin PBXNativeTarget section */
		DAF6C20E283992E20061CE4E /* Delloite */ = {
			isa = PBXNativeTarget;
			buildConfigurationList = DAF6C223283992E50061CE4E /* Build configuration list for PBXNativeTarget "Delloite" */;
			buildPhases = (
				DAF6C20B283992E20061CE4E /* Sources */,
				DAF6C20C283992E20061CE4E /* Frameworks */,
				DAF6C20D283992E20061CE4E /* Resources */,
			);
			buildRules = (
			);
			dependencies = (
			);
			name = Delloite;
			productName = Delloite;
			productReference = DAF6C20F283992E20061CE4E /* Delloite.app */;
			productType = "com.apple.product-type.application";
		};
/* End PBXNativeTarget section */

/* Begin PBXProject section */
		DAF6C207283992E20061CE4E /* Project object */ = {
			isa = PBXProject;
			attributes = {
				BuildIndependentTargetsInParallel = 1;
				LastSwiftUpdateCheck = 1330;
				LastUpgradeCheck = 1330;
				TargetAttributes = {
					DAF6C20E283992E20061CE4E = {
						CreatedOnToolsVersion = 13.3;
					};
				};
			};
			buildConfigurationList = DAF6C20A283992E20061CE4E /* Build configuration list for PBXProject "Delloite" */;
			compatibilityVersion = "Xcode 13.0";
			developmentRegion = en;
			hasScannedForEncodings = 0;
			knownRegions = (
				en,
				Base,
			);
			mainGroup = DAF6C206283992E20061CE4E;
			productRefGroup = DAF6C210283992E20061CE4E /* Products */;
			projectDirPath = "";
			projectRoot = "";
			targets = (
				DAF6C20E283992E20061CE4E /* Delloite */,
			);
		};
/* End PBXProject section */

/* Begin PBXResourcesBuildPhase section */
		DAF6C20D283992E20061CE4E /* Resources */ = {
			isa = PBXResourcesBuildPhase;
			buildActionMask = 2147483647;
			files = (
				DAF6C21F283992E50061CE4E /* LaunchScreen.storyboard in Resources */,
				DAF6C21C283992E50061CE4E /* Assets.xcassets in Resources */,
			);
			runOnlyForDeploymentPostprocessing = 0;
		};
/* End PBXResourcesBuildPhase section */

/* Begin PBXSourcesBuildPhase section */
		DAF6C20B283992E20061CE4E /* Sources */ = {
			isa = PBXSourcesBuildPhase;
			buildActionMask = 2147483647;
			files = (
				DAF6C22E2839941B0061CE4E /* PostalCodeModel.swift in Sources */,
				DAF6C213283992E20061CE4E /* AppDelegate.swift in Sources */,
				DAF6C228283993B80061CE4E /* PostalCodeViewController.swift in Sources */,
				DAF6C22C2839940C0061CE4E /* PostalCodeService.swift in Sources */,
				DA1098D1283A5DD90043AF85 /* PostalCodeCell.swift in Sources */,
				DAF6C215283992E20061CE4E /* SceneDelegate.swift in Sources */,
				DAF6C22A283993F90061CE4E /* PostalCodeViewModel.swift in Sources */,
			);
			runOnlyForDeploymentPostprocessing = 0;
		};
/* End PBXSourcesBuildPhase section */

/* Begin PBXVariantGroup section */
		DAF6C21D283992E50061CE4E /* LaunchScreen.storyboard */ = {
			isa = PBXVariantGroup;
			children = (
				DAF6C21E283992E50061CE4E /* Base */,
			);
			name = LaunchScreen.storyboard;
			sourceTree = "<group>";
		};
/* End PBXVariantGroup section */

/* Begin XCBuildConfiguration section */
		DAF6C221283992E50061CE4E /* Debug */ = {
			isa = XCBuildConfiguration;
			buildSettings = {
				ALWAYS_SEARCH_USER_PATHS = NO;
				CLANG_ANALYZER_NONNULL = YES;
				CLANG_ANALYZER_NUMBER_OBJECT_CONVERSION = YES_AGGRESSIVE;
				CLANG_CXX_LANGUAGE_STANDARD = "gnu++17";
				CLANG_ENABLE_MODULES = YES;
				CLANG_ENABLE_OBJC_ARC = YES;
				CLANG_ENABLE_OBJC_WEAK = YES;
				CLANG_WARN_BLOCK_CAPTURE_AUTORELEASING = YES;
				CLANG_WARN_BOOL_CONVERSION = YES;
				CLANG_WARN_COMMA = YES;
				CLANG_WARN_CONSTANT_CONVERSION = YES;
				CLANG_WARN_DEPRECATED_OBJC_IMPLEMENTATIONS = YES;
				CLANG_WARN_DIRECT_OBJC_ISA_USAGE = YES_ERROR;
				CLANG_WARN_DOCUMENTATION_COMMENTS = YES;
				CLANG_WARN_EMPTY_BODY = YES;
				CLANG_WARN_ENUM_CONVERSION = YES;
				CLANG_WARN_INFINITE_RECURSION = YES;
				CLANG_WARN_INT_CONVERSION = YES;
				CLANG_WARN_NON_LITERAL_NULL_CONVERSION = YES;
				CLANG_WARN_OBJC_IMPLICIT_RETAIN_SELF = YES;
				CLANG_WARN_OBJC_LITERAL_CONVERSION = YES;
				CLANG_WARN_OBJC_ROOT_CLASS = YES_ERROR;
				CLANG_WARN_QUOTED_INCLUDE_IN_FRAMEWORK_HEADER = YES;
				CLANG_WARN_RANGE_LOOP_ANALYSIS = YES;
				CLANG_WARN_STRICT_PROTOTYPES = YES;
				CLANG_WARN_SUSPICIOUS_MOVE = YES;
				CLANG_WARN_UNGUARDED_AVAILABILITY = YES_AGGRESSIVE;
				CLANG_WARN_UNREACHABLE_CODE = YES;
				CLANG_WARN__DUPLICATE_METHOD_MATCH = YES;
				COPY_PHASE_STRIP = NO;
				DEBUG_INFORMATION_FORMAT = dwarf;
				ENABLE_STRICT_OBJC_MSGSEND = YES;
				ENABLE_TESTABILITY = YES;
				GCC_C_LANGUAGE_STANDARD = gnu11;
				GCC_DYNAMIC_NO_PIC = NO;
				GCC_NO_COMMON_BLOCKS = YES;
				GCC_OPTIMIZATION_LEVEL = 0;
				GCC_PREPROCESSOR_DEFINITIONS = (
					"DEBUG=1",
					"$(inherited)",
				);
				GCC_WARN_64_TO_32_BIT_CONVERSION = YES;
				GCC_WARN_ABOUT_RETURN_TYPE = YES_ERROR;
				GCC_WARN_UNDECLARED_SELECTOR = YES;
				GCC_WARN_UNINITIALIZED_AUTOS = YES_AGGRESSIVE;
				GCC_WARN_UNUSED_FUNCTION = YES;
				GCC_WARN_UNUSED_VARIABLE = YES;
				IPHONEOS_DEPLOYMENT_TARGET = 15.4;
				MTL_ENABLE_DEBUG_INFO = INCLUDE_SOURCE;
				MTL_FAST_MATH = YES;
				ONLY_ACTIVE_ARCH = YES;
				SDKROOT = iphoneos;
				SWIFT_ACTIVE_COMPILATION_CONDITIONS = DEBUG;
				SWIFT_OPTIMIZATION_LEVEL = "-Onone";
			};
			name = Debug;
		};
		DAF6C222283992E50061CE4E /* Release */ = {
			isa = XCBuildConfiguration;
			buildSettings = {
				ALWAYS_SEARCH_USER_PATHS = NO;
				CLANG_ANALYZER_NONNULL = YES;
				CLANG_ANALYZER_NUMBER_OBJECT_CONVERSION = YES_AGGRESSIVE;
				CLANG_CXX_LANGUAGE_STANDARD = "gnu++17";
				CLANG_ENABLE_MODULES = YES;
				CLANG_ENABLE_OBJC_ARC = YES;
				CLANG_ENABLE_OBJC_WEAK = YES;
				CLANG_WARN_BLOCK_CAPTURE_AUTORELEASING = YES;
				CLANG_WARN_BOOL_CONVERSION = YES;
				CLANG_WARN_COMMA = YES;
				CLANG_WARN_CONSTANT_CONVERSION = YES;
				CLANG_WARN_DEPRECATED_OBJC_IMPLEMENTATIONS = YES;
				CLANG_WARN_DIRECT_OBJC_ISA_USAGE = YES_ERROR;
				CLANG_WARN_DOCUMENTATION_COMMENTS = YES;
				CLANG_WARN_EMPTY_BODY = YES;
				CLANG_WARN_ENUM_CONVERSION = YES;
				CLANG_WARN_INFINITE_RECURSION = YES;
				CLANG_WARN_INT_CONVERSION = YES;
				CLANG_WARN_NON_LITERAL_NULL_CONVERSION = YES;
				CLANG_WARN_OBJC_IMPLICIT_RETAIN_SELF = YES;
				CLANG_WARN_OBJC_LITERAL_CONVERSION = YES;
				CLANG_WARN_OBJC_ROOT_CLASS = YES_ERROR;
				CLANG_WARN_QUOTED_INCLUDE_IN_FRAMEWORK_HEADER = YES;
				CLANG_WARN_RANGE_LOOP_ANALYSIS = YES;
				CLANG_WARN_STRICT_PROTOTYPES = YES;
				CLANG_WARN_SUSPICIOUS_MOVE = YES;
				CLANG_WARN_UNGUARDED_AVAILABILITY = YES_AGGRESSIVE;
				CLANG_WARN_UNREACHABLE_CODE = YES;
				CLANG_WARN__DUPLICATE_METHOD_MATCH = YES;
				COPY_PHASE_STRIP = NO;
				DEBUG_INFORMATION_FORMAT = "dwarf-with-dsym";
				ENABLE_NS_ASSERTIONS = NO;
				ENABLE_STRICT_OBJC_MSGSEND = YES;
				GCC_C_LANGUAGE_STANDARD = gnu11;
				GCC_NO_COMMON_BLOCKS = YES;
				GCC_WARN_64_TO_32_BIT_CONVERSION = YES;
				GCC_WARN_ABOUT_RETURN_TYPE = YES_ERROR;
				GCC_WARN_UNDECLARED_SELECTOR = YES;
				GCC_WARN_UNINITIALIZED_AUTOS = YES_AGGRESSIVE;
				GCC_WARN_UNUSED_FUNCTION = YES;
				GCC_WARN_UNUSED_VARIABLE = YES;
				IPHONEOS_DEPLOYMENT_TARGET = 15.4;
				MTL_ENABLE_DEBUG_INFO = NO;
				MTL_FAST_MATH = YES;
				SDKROOT = iphoneos;
				SWIFT_COMPILATION_MODE = wholemodule;
				SWIFT_OPTIMIZATION_LEVEL = "-O";
				VALIDATE_PRODUCT = YES;
			};
			name = Release;
		};
		DAF6C224283992E50061CE4E /* Debug */ = {
			isa = XCBuildConfiguration;
			buildSettings = {
				ASSETCATALOG_COMPILER_APPICON_NAME = AppIcon;
				ASSETCATALOG_COMPILER_GLOBAL_ACCENT_COLOR_NAME = AccentColor;
				CODE_SIGN_STYLE = Automatic;
				CURRENT_PROJECT_VERSION = 1;
				DEVELOPMENT_TEAM = 9MXZLSN4X6;
				GENERATE_INFOPLIST_FILE = YES;
				INFOPLIST_FILE = Delloite/Info.plist;
				INFOPLIST_KEY_UIApplicationSupportsIndirectInputEvents = YES;
				INFOPLIST_KEY_UILaunchStoryboardName = LaunchScreen;
				INFOPLIST_KEY_UISupportedInterfaceOrientations_iPad = "UIInterfaceOrientationPortrait UIInterfaceOrientationPortraitUpsideDown UIInterfaceOrientationLandscapeLeft UIInterfaceOrientationLandscapeRight";
				INFOPLIST_KEY_UISupportedInterfaceOrientations_iPhone = "UIInterfaceOrientationPortrait UIInterfaceOrientationLandscapeLeft UIInterfaceOrientationLandscapeRight";
				LD_RUNPATH_SEARCH_PATHS = (
					"$(inherited)",
					"@executable_path/Frameworks",
				);
				MARKETING_VERSION = 1.0;
				PRODUCT_BUNDLE_IDENTIFIER = franklinmelo.Delloite;
				PRODUCT_NAME = "$(TARGET_NAME)";
				SWIFT_EMIT_LOC_STRINGS = YES;
				SWIFT_VERSION = 5.0;
				TARGETED_DEVICE_FAMILY = "1,2";
			};
			name = Debug;
		};
		DAF6C225283992E50061CE4E /* Release */ = {
			isa = XCBuildConfiguration;
			buildSettings = {
				ASSETCATALOG_COMPILER_APPICON_NAME = AppIcon;
				ASSETCATALOG_COMPILER_GLOBAL_ACCENT_COLOR_NAME = AccentColor;
				CODE_SIGN_STYLE = Automatic;
				CURRENT_PROJECT_VERSION = 1;
				DEVELOPMENT_TEAM = 9MXZLSN4X6;
				GENERATE_INFOPLIST_FILE = YES;
				INFOPLIST_FILE = Delloite/Info.plist;
				INFOPLIST_KEY_UIApplicationSupportsIndirectInputEvents = YES;
				INFOPLIST_KEY_UILaunchStoryboardName = LaunchScreen;
				INFOPLIST_KEY_UISupportedInterfaceOrientations_iPad = "UIInterfaceOrientationPortrait UIInterfaceOrientationPortraitUpsideDown UIInterfaceOrientationLandscapeLeft UIInterfaceOrientationLandscapeRight";
				INFOPLIST_KEY_UISupportedInterfaceOrientations_iPhone = "UIInterfaceOrientationPortrait UIInterfaceOrientationLandscapeLeft UIInterfaceOrientationLandscapeRight";
				LD_RUNPATH_SEARCH_PATHS = (
					"$(inherited)",
					"@executable_path/Frameworks",
				);
				MARKETING_VERSION = 1.0;
				PRODUCT_BUNDLE_IDENTIFIER = franklinmelo.Delloite;
				PRODUCT_NAME = "$(TARGET_NAME)";
				SWIFT_EMIT_LOC_STRINGS = YES;
				SWIFT_VERSION = 5.0;
				TARGETED_DEVICE_FAMILY = "1,2";
			};
			name = Release;
		};
/* End XCBuildConfiguration section */

/* Begin XCConfigurationList section */
		DAF6C20A283992E20061CE4E /* Build configuration list for PBXProject "Delloite" */ = {
			isa = XCConfigurationList;
			buildConfigurations = (
				DAF6C221283992E50061CE4E /* Debug */,
				DAF6C222283992E50061CE4E /* Release */,
			);
			defaultConfigurationIsVisible = 0;
			defaultConfigurationName = Release;
		};
		DAF6C223283992E50061CE4E /* Build configuration list for PBXNativeTarget "Delloite" */ = {
			isa = XCConfigurationList;
			buildConfigurations = (
				DAF6C224283992E50061CE4E /* Debug */,
				DAF6C225283992E50061CE4E /* Release */,
			);
			defaultConfigurationIsVisible = 0;
			defaultConfigurationName = Release;
		};
/* End XCConfigurationList section */
	};
	rootObject = DAF6C207283992E20061CE4E /* Project object */;
}
